
Microsoft Visual Studio Solution File, Format Version 12.00
# Visual Studio Version 17
VisualStudioVersion = 17.1.32228.430
MinimumVisualStudioVersion = 10.0.40219.1
Project("{9A19103F-16F7-4668-BE54-9A1E7A4F7556}") = "1-Connection", "1-Connection\1-Connection.csproj", "{BCA21370-7096-4F47-8423-15B98D673AB3}"
EndProject
Project("{9A19103F-16F7-4668-BE54-9A1E7A4F7556}") = "2-AddingAndDisplayingData", "2-AddingAndDisplayingData\2-AddingAndDisplayingData.csproj", "{4DB1B08B-7B31-4FF9-82FB-C9BE72ACA6AE}"
EndProject
Project("{9A19103F-16F7-4668-BE54-9A1E7A4F7556}") = "3-EditingAndDeletingData", "3-EditingAndDeletingData\3-EditingAndDeletingData.csproj", "{CDE51C20-2575-4ECA-B850-70C15DA3F1E9}"
EndProject
Project("{9A19103F-16F7-4668-BE54-9A1E7A4F7556}") = "4-SortingData", "4-SortingData\4-SortingData.csproj", "{57F0551A-3F12-4A11-8C6E-A8E39A7BBACC}"
EndProject
Project("{FAE04EC0-301F-11D3-BF4B-00C04F79EFBC}") = "5-SortTagHelper", "5-SortTagHelper\5-SortTagHelper.csproj", "{02613E77-730D-418E-A865-9FC272DA1346}"
EndProject
Global
	GlobalSection(SolutionConfigurationPlatforms) = preSolution
		Debug|Any CPU = Debug|Any CPU
		Release|Any CPU = Release|Any CPU
	EndGlobalSection
	GlobalSection(ProjectConfigurationPlatforms) = postSolution
		{BCA21370-7096-4F47-8423-15B98D673AB3}.Debug|Any CPU.ActiveCfg = Debug|Any CPU
		{BCA21370-7096-4F47-8423-15B98D673AB3}.Debug|Any CPU.Build.0 = Debug|Any CPU
		{BCA21370-7096-4F47-8423-15B98D673AB3}.Release|Any CPU.ActiveCfg = Release|Any CPU
		{BCA21370-7096-4F47-8423-15B98D673AB3}.Release|Any CPU.Build.0 = Release|Any CPU
		{4DB1B08B-7B31-4FF9-82FB-C9BE72ACA6AE}.Debug|Any CPU.ActiveCfg = Debug|Any CPU
		{4DB1B08B-7B31-4FF9-82FB-C9BE72ACA6AE}.Debug|Any CPU.Build.0 = Debug|Any CPU
		{4DB1B08B-7B31-4FF9-82FB-C9BE72ACA6AE}.Release|Any CPU.ActiveCfg = Release|Any CPU
		{4DB1B08B-7B31-4FF9-82FB-C9BE72ACA6AE}.Release|Any CPU.Build.0 = Release|Any CPU
		{CDE51C20-2575-4ECA-B850-70C15DA3F1E9}.Debug|Any CPU.ActiveCfg = Debug|Any CPU
		{CDE51C20-2575-4ECA-B850-70C15DA3F1E9}.Debug|Any CPU.Build.0 = Debug|Any CPU
		{CDE51C20-2575-4ECA-B850-70C15DA3F1E9}.Release|Any CPU.ActiveCfg = Release|Any CPU
		{CDE51C20-2575-4ECA-B850-70C15DA3F1E9}.Release|Any CPU.Build.0 = Release|Any CPU
		{57F0551A-3F12-4A11-8C6E-A8E39A7BBACC}.Debug|Any CPU.ActiveCfg = Debug|Any CPU
		{57F0551A-3F12-4A11-8C6E-A8E39A7BBACC}.Debug|Any CPU.Build.0 = Debug|Any CPU
		{57F0551A-3F12-4A11-8C6E-A8E39A7BBACC}.Release|Any CPU.ActiveCfg = Release|Any CPU
		{57F0551A-3F12-4A11-8C6E-A8E39A7BBACC}.Release|Any CPU.Build.0 = Release|Any CPU
		{02613E77-730D-418E-A865-9FC272DA1346}.Debug|Any CPU.ActiveCfg = Debug|Any CPU
		{02613E77-730D-418E-A865-9FC272DA1346}.Debug|Any CPU.Build.0 = Debug|Any CPU
		{02613E77-730D-418E-A865-9FC272DA1346}.Release|Any CPU.ActiveCfg = Release|Any CPU
		{02613E77-730D-418E-A865-9FC272DA1346}.Release|Any CPU.Build.0 = Release|Any CPU
	EndGlobalSection
	GlobalSection(SolutionProperties) = preSolution
		HideSolutionNode = FALSE
	EndGlobalSection
	GlobalSection(ExtensibilityGlobals) = postSolution
		SolutionGuid = {D81CB91C-F037-4F5F-9093-F41293EBBE59}
	EndGlobalSection
EndGlobal
